{
  "name": "the-html-programming-language",
  "version": "1.0.0",
  "lockfileVersion": 1,
  "requires": true,
  "dependencies": {
    "esbuild": {
      "version": "0.11.11",
      "resolved": "https://registry.npmjs.org/esbuild/-/esbuild-0.11.11.tgz",
      "integrity": "sha512-iq5YdV63vY/nUAFIvY92BXVkYjMbOchnofLKoLKMPZIa4uuIJAJG9WRA+ZRjQBZbrsORUwvZcANeG2d3p46PJQ=="
    },
    "typescript": {
      "version": "4.3.0-beta",
      "resolved": "https://registry.npmjs.org/typescript/-/typescript-4.3.0-beta.tgz",
      "integrity": "sha512-bl3wxSVL6gWLQFa466Vm5Vk3z0BNx+QxWhb9wFiYEHm6H8oqFd8Wo3XjgCVxAa5yiSFFKgo/ngBpXdIwqo5o0A==",
      "dev": true
    }
  }
}
